{
  "name": "vue-modular-table",
  "version": "1.1.1",
  "lockfileVersion": 1,
  "requires": true,
  "dependencies": {
    "es5-dot-prop": {
      "version": "4.1.1",
      "resolved": "https://registry.npmjs.org/es5-dot-prop/-/es5-dot-prop-4.1.1.tgz",
      "integrity": "sha512-h93Ud8rM30T8WeezPo6ml1Xa9FLsQ41hs/n09PsLc2SQ4hXBh51s0rsh2Ckv2f7rzUIBDnLQMm4809cuBagDFg==",
      "requires": {
        "is-obj": "^1.0.0"
      }
    },
    "is-obj": {
      "version": "1.0.1",
      "resolved": "https://registry.npmjs.org/is-obj/-/is-obj-1.0.1.tgz",
      "integrity": "sha1-PkcprB9f3gJc19g6iW2rn09n2w8="
    }
  }
}
